
Microsoft Visual Studio Solution File, Format Version 12.00
# Visual Studio 15
VisualStudioVersion = 15.0.33423.255
MinimumVisualStudioVersion = 10.0.40219.1
Project("{8BC9CEB8-8B4A-11D0-8D11-00A0C91BC942}") = "ClientApp", "ClientApp\ClientApp.vcxproj", "{2F4D48B6-144B-481A-BB31-801D2FF85BA0}"
EndProject
Project("{8BC9CEB8-8B4A-11D0-8D11-00A0C91BC942}") = "ClientApp2", "ClientApp2\ClientApp2.vcxproj", "{8A8FF68C-F1FB-454D-8C19-96407ED2109B}"
EndProject
Global
	GlobalSection(SolutionConfigurationPlatforms) = preSolution
		Debug|x64 = Debug|x64
		Debug|x86 = Debug|x86
		Release|x64 = Release|x64
		Release|x86 = Release|x86
	EndGlobalSection
	GlobalSection(ProjectConfigurationPlatforms) = postSolution
		{2F4D48B6-144B-481A-BB31-801D2FF85BA0}.Debug|x64.ActiveCfg = Debug|x64
		{2F4D48B6-144B-481A-BB31-801D2FF85BA0}.Debug|x64.Build.0 = Debug|x64
		{2F4D48B6-144B-481A-BB31-801D2FF85BA0}.Debug|x86.ActiveCfg = Debug|Win32
		{2F4D48B6-144B-481A-BB31-801D2FF85BA0}.Debug|x86.Build.0 = Debug|Win32
		{2F4D48B6-144B-481A-BB31-801D2FF85BA0}.Release|x64.ActiveCfg = Release|x64
		{2F4D48B6-144B-481A-BB31-801D2FF85BA0}.Release|x64.Build.0 = Release|x64
		{2F4D48B6-144B-481A-BB31-801D2FF85BA0}.Release|x86.ActiveCfg = Release|Win32
		{2F4D48B6-144B-481A-BB31-801D2FF85BA0}.Release|x86.Build.0 = Release|Win32
		{8A8FF68C-F1FB-454D-8C19-96407ED2109B}.Debug|x64.ActiveCfg = Debug|x64
		{8A8FF68C-F1FB-454D-8C19-96407ED2109B}.Debug|x64.Build.0 = Debug|x64
		{8A8FF68C-F1FB-454D-8C19-96407ED2109B}.Debug|x86.ActiveCfg = Debug|Win32
		{8A8FF68C-F1FB-454D-8C19-96407ED2109B}.Debug|x86.Build.0 = Debug|Win32
		{8A8FF68C-F1FB-454D-8C19-96407ED2109B}.Release|x64.ActiveCfg = Release|x64
		{8A8FF68C-F1FB-454D-8C19-96407ED2109B}.Release|x64.Build.0 = Release|x64
		{8A8FF68C-F1FB-454D-8C19-96407ED2109B}.Release|x86.ActiveCfg = Release|Win32
		{8A8FF68C-F1FB-454D-8C19-96407ED2109B}.Release|x86.Build.0 = Release|Win32
	EndGlobalSection
	GlobalSection(SolutionProperties) = preSolution
		HideSolutionNode = FALSE
	EndGlobalSection
	GlobalSection(ExtensibilityGlobals) = postSolution
		SolutionGuid = {6A607288-50BF-4E04-B6FF-76409FE2E54F}
	EndGlobalSection
EndGlobal
